// !$*UTF8*$!
{
	archiveVersion = 1;
	classes = {
	};
	objectVersion = 46;
	objects = {

/* Begin PBXBuildFile section */
		EA16B5F41D73208D0030396E /* AppDelegate.swift in Sources */ = {isa = PBXBuildFile; fileRef = EA16B5F31D73208D0030396E /* AppDelegate.swift */; };
		EA16B5F61D73208D0030396E /* ViewController.swift in Sources */ = {isa = PBXBuildFile; fileRef = EA16B5F51D73208D0030396E /* ViewController.swift */; };
		EA16B5F91D73208D0030396E /* Main.storyboard in Resources */ = {isa = PBXBuildFile; fileRef = EA16B5F71D73208D0030396E /* Main.storyboard */; };
		EA16B5FB1D73208D0030396E /* Assets.xcassets in Resources */ = {isa = PBXBuildFile; fileRef = EA16B5FA1D73208D0030396E /* Assets.xcassets */; };
		EA16B5FE1D73208D0030396E /* LaunchScreen.storyboard in Resources */ = {isa = PBXBuildFile; fileRef = EA16B5FC1D73208D0030396E /* LaunchScreen.storyboard */; };
/* End PBXBuildFile section */

/* Begin PBXFileReference section */
		EA16B5F01D73208D0030396E /* justDoitList.app */ = {isa = PBXFileReference; explicitFileType = wrapper.application; includeInIndex = 0; path = justDoitList.app; sourceTree = BUILT_PRODUCTS_DIR; };
		EA16B5F31D73208D0030396E /* AppDelegate.swift */ = {isa = PBXFileReference; lastKnownFileType = sourcecode.swift; path = AppDelegate.swift; sourceTree = "<group>"; };
		EA16B5F51D73208D0030396E /* ViewController.swift */ = {isa = PBXFileReference; lastKnownFileType = sourcecode.swift; path = ViewController.swift; sourceTree = "<group>"; };
		EA16B5F81D73208D0030396E /* Base */ = {isa = PBXFileReference; lastKnownFileType = file.storyboard; name = Base; path = Base.lproj/Main.storyboard; sourceTree = "<group>"; };
		EA16B5FA1D73208D0030396E /* Assets.xcassets */ = {isa = PBXFileReference; lastKnownFileType = folder.assetcatalog; path = Assets.xcassets; sourceTree = "<group>"; };
		EA16B5FD1D73208D0030396E /* Base */ = {isa = PBXFileReference; lastKnownFileType = file.storyboard; name = Base; path = Base.lproj/LaunchScreen.storyboard; sourceTree = "<group>"; };
		EA16B5FF1D73208D0030396E /* Info.plist */ = {isa = PBXFileReference; lastKnownFileType = text.plist.xml; path = Info.plist; sourceTree = "<group>"; };
/* End PBXFileReference section */

/* Begin PBXFrameworksBuildPhase section */
		EA16B5ED1D73208D0030396E /* Frameworks */ = {
			isa = PBXFrameworksBuildPhase;
			buildActionMask = 2147483647;
			files = (
			);
			runOnlyForDeploymentPostprocessing = 0;
		};
/* End PBXFrameworksBuildPhase section */

/* Begin PBXGroup section */
		EA16B5E71D73208D0030396E = {
			isa = PBXGroup;
			children = (
				EA16B5F21D73208D0030396E /* justDoitList */,
				EA16B5F11D73208D0030396E /* Products */,
			);
			sourceTree = "<group>";
		};
		EA16B5F11D73208D0030396E /* Products */ = {
			isa = PBXGroup;
			children = (
				EA16B5F01D73208D0030396E /* justDoitList.app */,
			);
			name = Products;
			sourceTree = "<group>";
		};
		EA16B5F21D73208D0030396E /* justDoitList */ = {
			isa = PBXGroup;
			children = (
				EA16B5F31D73208D0030396E /* AppDelegate.swift */,
				EA16B5F51D73208D0030396E /* ViewController.swift */,
				EA16B5F71D73208D0030396E /* Main.storyboard */,
				EA16B5FA1D73208D0030396E /* Assets.xcassets */,
				EA16B5FC1D73208D0030396E /* LaunchScreen.storyboard */,
				EA16B5FF1D73208D0030396E /* Info.plist */,
			);
			path = justDoitList;
			sourceTree = "<group>";
		};
/* End PBXGroup section */

/* Begin PBXNativeTarget section */
		EA16B5EF1D73208D0030396E /* justDoitList */ = {
			isa = PBXNativeTarget;
			buildConfigurationList = EA16B6021D73208D0030396E /* Build configuration list for PBXNativeTarget "justDoitList" */;
			buildPhases = (
				EA16B5EC1D73208D0030396E /* Sources */,
				EA16B5ED1D73208D0030396E /* Frameworks */,
				EA16B5EE1D73208D0030396E /* Resources */,
			);
			buildRules = (
			);
			dependencies = (
			);
			name = justDoitList;
			productName = justDoitList;
			productReference = EA16B5F01D73208D0030396E /* justDoitList.app */;
			productType = "com.apple.product-type.application";
		};
/* End PBXNativeTarget section */

/* Begin PBXProject section */
		EA16B5E81D73208D0030396E /* Project object */ = {
			isa = PBXProject;
			attributes = {
				LastSwiftUpdateCheck = 0800;
				LastUpgradeCheck = 0800;
				ORGANIZATIONNAME = Adamazing;
				TargetAttributes = {
					EA16B5EF1D73208D0030396E = {
						CreatedOnToolsVersion = 8.0;
						ProvisioningStyle = Automatic;
					};
				};
			};
			buildConfigurationList = EA16B5EB1D73208D0030396E /* Build configuration list for PBXProject "justDoitList" */;
			compatibilityVersion = "Xcode 3.2";
			developmentRegion = English;
			hasScannedForEncodings = 0;
			knownRegions = (
				en,
				Base,
			);
			mainGroup = EA16B5E71D73208D0030396E;
			productRefGroup = EA16B5F11D73208D0030396E /* Products */;
			projectDirPath = "";
			projectRoot = "";
			targets = (
				EA16B5EF1D73208D0030396E /* justDoitList */,
			);
		};
/* End PBXProject section */

/* Begin PBXResourcesBuildPhase section */
		EA16B5EE1D73208D0030396E /* Resources */ = {
			isa = PBXResourcesBuildPhase;
			buildActionMask = 2147483647;
			files = (
				EA16B5FE1D73208D0030396E /* LaunchScreen.storyboard in Resources */,
				EA16B5FB1D73208D0030396E /* Assets.xcassets in Resources */,
				EA16B5F91D73208D0030396E /* Main.storyboard in Resources */,
			);
			runOnlyForDeploymentPostprocessing = 0;
		};
/* End PBXResourcesBuildPhase section */

/* Begin PBXSourcesBuildPhase section */
		EA16B5EC1D73208D0030396E /* Sources */ = {
			isa = PBXSourcesBuildPhase;
			buildActionMask = 2147483647;
			files = (
				EA16B5F61D73208D0030396E /* ViewController.swift in Sources */,
				EA16B5F41D73208D0030396E /* AppDelegate.swift in Sources */,
			);
			runOnlyForDeploymentPostprocessing = 0;
		};
/* End PBXSourcesBuildPhase section */

/* Begin PBXVariantGroup section */
		EA16B5F71D73208D0030396E /* Main.storyboard */ = {
			isa = PBXVariantGroup;
			children = (
				EA16B5F81D73208D0030396E /* Base */,
			);
			name = Main.storyboard;
			sourceTree = "<group>";
		};
		EA16B5FC1D73208D0030396E /* LaunchScreen.storyboard */ = {
			isa = PBXVariantGroup;
			children = (
				EA16B5FD1D73208D0030396E /* Base */,
			);
			name = LaunchScreen.storyboard;
			sourceTree = "<group>";
		};
/* End PBXVariantGroup section */

/* Begin XCBuildConfiguration section */
		EA16B6001D73208D0030396E /* Debug */ = {
			isa = XCBuildConfiguration;
			buildSettings = {
				ALWAYS_SEARCH_USER_PATHS = NO;
				CLANG_ANALYZER_NONNULL = YES;
				CLANG_CXX_LANGUAGE_STANDARD = "gnu++0x";
				CLANG_CXX_LIBRARY = "libc++";
				CLANG_ENABLE_MODULES = YES;
				CLANG_ENABLE_OBJC_ARC = YES;
				CLANG_WARN_BOOL_CONVERSION = YES;
				CLANG_WARN_CONSTANT_CONVERSION = YES;
				CLANG_WARN_DIRECT_OBJC_ISA_USAGE = YES_ERROR;
				CLANG_WARN_DOCUMENTATION_COMMENTS = YES;
				CLANG_WARN_EMPTY_BODY = YES;
				CLANG_WARN_ENUM_CONVERSION = YES;
				CLANG_WARN_INFINITE_RECURSION = YES;
				CLANG_WARN_INT_CONVERSION = YES;
				CLANG_WARN_OBJC_ROOT_CLASS = YES_ERROR;
				CLANG_WARN_SUSPICIOUS_MOVES = YES;
				CLANG_WARN_UNREACHABLE_CODE = YES;
				CLANG_WARN__DUPLICATE_METHOD_MATCH = YES;
				"CODE_SIGN_IDENTITY[sdk=iphoneos*]" = "iPhone Developer";
				COPY_PHASE_STRIP = NO;
				DEBUG_INFORMATION_FORMAT = dwarf;
				ENABLE_STRICT_OBJC_MSGSEND = YES;
				ENABLE_TESTABILITY = YES;
				GCC_C_LANGUAGE_STANDARD = gnu99;
				GCC_DYNAMIC_NO_PIC = NO;
				GCC_NO_COMMON_BLOCKS = YES;
				GCC_OPTIMIZATION_LEVEL = 0;
				GCC_PREPROCESSOR_DEFINITIONS = (
					"DEBUG=1",
					"$(inherited)",
				);
				GCC_WARN_64_TO_32_BIT_CONVERSION = YES;
				GCC_WARN_ABOUT_RETURN_TYPE = YES_ERROR;
				GCC_WARN_UNDECLARED_SELECTOR = YES;
				GCC_WARN_UNINITIALIZED_AUTOS = YES_AGGRESSIVE;
				GCC_WARN_UNUSED_FUNCTION = YES;
				GCC_WARN_UNUSED_VARIABLE = YES;
				IPHONEOS_DEPLOYMENT_TARGET = 10.0;
				MTL_ENABLE_DEBUG_INFO = YES;
				ONLY_ACTIVE_ARCH = YES;
				SDKROOT = iphoneos;
				SWIFT_ACTIVE_COMPILATION_CONDITIONS = DEBUG;
				SWIFT_OPTIMIZATION_LEVEL = "-Onone";
				TARGETED_DEVICE_FAMILY = "1,2";
			};
			name = Debug;
		};
		EA16B6011D73208D0030396E /* Release */ = {
			isa = XCBuildConfiguration;
			buildSettings = {
				ALWAYS_SEARCH_USER_PATHS = NO;
				CLANG_ANALYZER_NONNULL = YES;
				CLANG_CXX_LANGUAGE_STANDARD = "gnu++0x";
				CLANG_CXX_LIBRARY = "libc++";
				CLANG_ENABLE_MODULES = YES;
				CLANG_ENABLE_OBJC_ARC = YES;
				CLANG_WARN_BOOL_CONVERSION = YES;
				CLANG_WARN_CONSTANT_CONVERSION = YES;
				CLANG_WARN_DIRECT_OBJC_ISA_USAGE = YES_ERROR;
				CLANG_WARN_DOCUMENTATION_COMMENTS = YES;
				CLANG_WARN_EMPTY_BODY = YES;
				CLANG_WARN_ENUM_CONVERSION = YES;
				CLANG_WARN_INFINITE_RECURSION = YES;
				CLANG_WARN_INT_CONVERSION = YES;
				CLANG_WARN_OBJC_ROOT_CLASS = YES_ERROR;
				CLANG_WARN_SUSPICIOUS_MOVES = YES;
				CLANG_WARN_UNREACHABLE_CODE = YES;
				CLANG_WARN__DUPLICATE_METHOD_MATCH = YES;
				"CODE_SIGN_IDENTITY[sdk=iphoneos*]" = "iPhone Developer";
				COPY_PHASE_STRIP = NO;
				DEBUG_INFORMATION_FORMAT = "dwarf-with-dsym";
				ENABLE_NS_ASSERTIONS = NO;
				ENABLE_STRICT_OBJC_MSGSEND = YES;
				GCC_C_LANGUAGE_STANDARD = gnu99;
				GCC_NO_COMMON_BLOCKS = YES;
				GCC_WARN_64_TO_32_BIT_CONVERSION = YES;
				GCC_WARN_ABOUT_RETURN_TYPE = YES_ERROR;
				GCC_WARN_UNDECLARED_SELECTOR = YES;
				GCC_WARN_UNINITIALIZED_AUTOS = YES_AGGRESSIVE;
				GCC_WARN_UNUSED_FUNCTION = YES;
				GCC_WARN_UNUSED_VARIABLE = YES;
				IPHONEOS_DEPLOYMENT_TARGET = 10.0;
				MTL_ENABLE_DEBUG_INFO = NO;
				SDKROOT = iphoneos;
				SWIFT_OPTIMIZATION_LEVEL = "-Owholemodule";
				TARGETED_DEVICE_FAMILY = "1,2";
				VALIDATE_PRODUCT = YES;
			};
			name = Release;
		};
		EA16B6031D73208D0030396E /* Debug */ = {
			isa = XCBuildConfiguration;
			buildSettings = {
				ASSETCATALOG_COMPILER_APPICON_NAME = AppIcon;
				INFOPLIST_FILE = justDoitList/Info.plist;
				LD_RUNPATH_SEARCH_PATHS = "$(inherited) @executable_path/Frameworks";
				PRODUCT_BUNDLE_IDENTIFIER = com.adamazing.justDoitList;
				PRODUCT_NAME = "$(TARGET_NAME)";
				SWIFT_VERSION = 3.0;
			};
			name = Debug;
		};
		EA16B6041D73208D0030396E /* Release */ = {
			isa = XCBuildConfiguration;
			buildSettings = {
				ASSETCATALOG_COMPILER_APPICON_NAME = AppIcon;
				INFOPLIST_FILE = justDoitList/Info.plist;
				LD_RUNPATH_SEARCH_PATHS = "$(inherited) @executable_path/Frameworks";
				PRODUCT_BUNDLE_IDENTIFIER = com.adamazing.justDoitList;
				PRODUCT_NAME = "$(TARGET_NAME)";
				SWIFT_VERSION = 3.0;
			};
			name = Release;
		};
/* End XCBuildConfiguration section */

/* Begin XCConfigurationList section */
		EA16B5EB1D73208D0030396E /* Build configuration list for PBXProject "justDoitList" */ = {
			isa = XCConfigurationList;
			buildConfigurations = (
				EA16B6001D73208D0030396E /* Debug */,
				EA16B6011D73208D0030396E /* Release */,
			);
			defaultConfigurationIsVisible = 0;
			defaultConfigurationName = Release;
		};
		EA16B6021D73208D0030396E /* Build configuration list for PBXNativeTarget "justDoitList" */ = {
			isa = XCConfigurationList;
			buildConfigurations = (
				EA16B6031D73208D0030396E /* Debug */,
				EA16B6041D73208D0030396E /* Release */,
			);
			defaultConfigurationIsVisible = 0;
		};
/* End XCConfigurationList section */
	};
	rootObject = EA16B5E81D73208D0030396E /* Project object */;
}
